// !$*UTF8*$!
{
	archiveVersion = 1;
	classes = {
	};
	objectVersion = 56;
	objects = {

/* Begin PBXBuildFile section */
		6F2A99722C9E0ABB00C8A862 /* EligibilityView.swift in Sources */ = {isa = PBXBuildFile; fileRef = 6F2A99712C9E0ABB00C8A862 /* EligibilityView.swift */; };
		6F2A99742C9E0AEF00C8A862 /* EligibilityManager.swift in Sources */ = {isa = PBXBuildFile; fileRef = 6F2A99732C9E0AEF00C8A862 /* EligibilityManager.swift */; };
		6F2A99782C9E0C1E00C8A862 /* eligibility.plist in Resources */ = {isa = PBXBuildFile; fileRef = 6F2A99772C9E0C1E00C8A862 /* eligibility.plist */; };
		6F2A997A2C9E18DE00C8A862 /* Config.plist in Resources */ = {isa = PBXBuildFile; fileRef = 6F2A99792C9E18DE00C8A862 /* Config.plist */; };
		6F8593552C8F41E000F790D1 /* NuggetApp.swift in Sources */ = {isa = PBXBuildFile; fileRef = 6F8593542C8F41E000F790D1 /* NuggetApp.swift */; };
		6F8593572C8F41E000F790D1 /* RootView.swift in Sources */ = {isa = PBXBuildFile; fileRef = 6F8593562C8F41E000F790D1 /* RootView.swift */; };
		6F8593592C8F41E100F790D1 /* Assets.xcassets in Resources */ = {isa = PBXBuildFile; fileRef = 6F8593582C8F41E100F790D1 /* Assets.xcassets */; };
		6F85935C2C8F41E100F790D1 /* Preview Assets.xcassets in Resources */ = {isa = PBXBuildFile; fileRef = 6F85935B2C8F41E100F790D1 /* Preview Assets.xcassets */; };
		6F8593662C8F425E00F790D1 /* GestaltView.swift in Sources */ = {isa = PBXBuildFile; fileRef = 6F8593652C8F425E00F790D1 /* GestaltView.swift */; };
		6F8593692C8F42A800F790D1 /* HomeView.swift in Sources */ = {isa = PBXBuildFile; fileRef = 6F8593682C8F42A800F790D1 /* HomeView.swift */; };
		6F85936B2C8F42D100F790D1 /* ToolsView.swift in Sources */ = {isa = PBXBuildFile; fileRef = 6F85936A2C8F42D100F790D1 /* ToolsView.swift */; };
		6F85936E2C8F436C00F790D1 /* Extensions.swift in Sources */ = {isa = PBXBuildFile; fileRef = 6F85936D2C8F436C00F790D1 /* Extensions.swift */; };
		6F8593702C8F441200F790D1 /* TintedButton.swift in Sources */ = {isa = PBXBuildFile; fileRef = 6F85936F2C8F441200F790D1 /* TintedButton.swift */; };
		6F8593732C8F443A00F790D1 /* MaterialView.swift in Sources */ = {isa = PBXBuildFile; fileRef = 6F8593722C8F443A00F790D1 /* MaterialView.swift */; };
		6F8593752C8F448100F790D1 /* Alert++.swift in Sources */ = {isa = PBXBuildFile; fileRef = 6F8593742C8F448100F790D1 /* Alert++.swift */; };
		6F8593772C8F490400F790D1 /* Version.swift in Sources */ = {isa = PBXBuildFile; fileRef = 6F8593762C8F490400F790D1 /* Version.swift */; };
		6F85937A2C8F4C7000F790D1 /* MobileGestaltManager.swift in Sources */ = {isa = PBXBuildFile; fileRef = 6F8593792C8F4C7000F790D1 /* MobileGestaltManager.swift */; };
		6F8593AC2C8F61FC00F790D1 /* LogView.swift in Sources */ = {isa = PBXBuildFile; fileRef = 6F8593AB2C8F61FC00F790D1 /* LogView.swift */; };
		6F8593B12C8F7B8400F790D1 /* xcode_saver.swift in Sources */ = {isa = PBXBuildFile; fileRef = 6F8593B02C8F7B8400F790D1 /* xcode_saver.swift */; };
		6F8593B32C8F91C900F790D1 /* FeatureFlagManager.swift in Sources */ = {isa = PBXBuildFile; fileRef = 6F8593B22C8F91C900F790D1 /* FeatureFlagManager.swift */; };
		6F8593B52C8F9A3500F790D1 /* FeatureFlagsView.swift in Sources */ = {isa = PBXBuildFile; fileRef = 6F8593B42C8F9A3500F790D1 /* FeatureFlagsView.swift */; };
		6F8593B72C8FAA8700F790D1 /* StatusBarView.swift in Sources */ = {isa = PBXBuildFile; fileRef = 6F8593B62C8FAA8700F790D1 /* StatusBarView.swift */; };
		6F8594A62C8FAC8B00F790D1 /* StatusManager.m in Sources */ = {isa = PBXBuildFile; fileRef = 6F85949C2C8FAC8B00F790D1 /* StatusManager.m */; };
		6F8594A82C8FAC8B00F790D1 /* StatusSetter16_1.m in Sources */ = {isa = PBXBuildFile; fileRef = 6F8594A12C8FAC8B00F790D1 /* StatusSetter16_1.m */; };
		6F8594A92C8FAC8B00F790D1 /* StatusSetter16.m in Sources */ = {isa = PBXBuildFile; fileRef = 6F8594A32C8FAC8B00F790D1 /* StatusSetter16.m */; };
		6F8594AC2C8FADF300F790D1 /* StatusManagerSwift.swift in Sources */ = {isa = PBXBuildFile; fileRef = 6F8594AB2C8FADF300F790D1 /* StatusManagerSwift.swift */; };
		6F8594B92C92056D00F790D1 /* Restore.swift in Sources */ = {isa = PBXBuildFile; fileRef = 6F8594B82C92056D00F790D1 /* Restore.swift */; };
		6F8594BB2C9235C600F790D1 /* ApplyHandler.swift in Sources */ = {isa = PBXBuildFile; fileRef = 6F8594BA2C9235C600F790D1 /* ApplyHandler.swift */; };
		6F8594BE2C94B9AA00F790D1 /* BasicPlistTweaksManager.swift in Sources */ = {isa = PBXBuildFile; fileRef = 6F8594BD2C94B9AA00F790D1 /* BasicPlistTweaksManager.swift */; };
		6F8594C02C94BBC400F790D1 /* BasicPlistTweaksFileLocations.swift in Sources */ = {isa = PBXBuildFile; fileRef = 6F8594BF2C94BBC400F790D1 /* BasicPlistTweaksFileLocations.swift */; };
		6F8594C22C94DED800F790D1 /* SpringboardTweaksView.swift in Sources */ = {isa = PBXBuildFile; fileRef = 6F8594C12C94DED800F790D1 /* SpringboardTweaksView.swift */; };
		6F8594C42C9507C400F790D1 /* InternalOptionsView.swift in Sources */ = {isa = PBXBuildFile; fileRef = 6F8594C32C9507C400F790D1 /* InternalOptionsView.swift */; };
		6F8594C92C98886000F790D1 /* FilePicker.swift in Sources */ = {isa = PBXBuildFile; fileRef = 6F8594C82C98886000F790D1 /* FilePicker.swift */; };
		6F8594CB2C98887900F790D1 /* FilePickerUIRepresentable.swift in Sources */ = {isa = PBXBuildFile; fileRef = 6F8594CA2C98887900F790D1 /* FilePickerUIRepresentable.swift */; };
		6F8594CD2C98892900F790D1 /* FixDocumentPicker.swift in Sources */ = {isa = PBXBuildFile; fileRef = 6F8594CC2C98892900F790D1 /* FixDocumentPicker.swift */; };
		6F8594CF2C988C0E00F790D1 /* DeviceModel.swift in Sources */ = {isa = PBXBuildFile; fileRef = 6F8594CE2C988C0E00F790D1 /* DeviceModel.swift */; };
		6F8594D22C99D6CC00F790D1 /* RevertTweaksPopoverView.swift in Sources */ = {isa = PBXBuildFile; fileRef = 6F8594D12C99D6CC00F790D1 /* RevertTweaksPopoverView.swift */; };
		6F8594D42C9A006800F790D1 /* ModifyTweakViewModifier.swift in Sources */ = {isa = PBXBuildFile; fileRef = 6F8594D32C9A006800F790D1 /* ModifyTweakViewModifier.swift */; };
		6F8594D92C9C9F6E00F790D1 /* HelperFuncs.swift in Sources */ = {isa = PBXBuildFile; fileRef = 6F8594D82C9C9F6E00F790D1 /* HelperFuncs.swift */; };
/* End PBXBuildFile section */

/* Begin PBXFileReference section */
		6F2A99712C9E0ABB00C8A862 /* EligibilityView.swift */ = {isa = PBXFileReference; lastKnownFileType = sourcecode.swift; path = EligibilityView.swift; sourceTree = "<group>"; };
		6F2A99732C9E0AEF00C8A862 /* EligibilityManager.swift */ = {isa = PBXFileReference; lastKnownFileType = sourcecode.swift; path = EligibilityManager.swift; sourceTree = "<group>"; };
		6F2A99772C9E0C1E00C8A862 /* eligibility.plist */ = {isa = PBXFileReference; lastKnownFileType = text.plist.xml; path = eligibility.plist; sourceTree = "<group>"; };
		6F2A99792C9E18DE00C8A862 /* Config.plist */ = {isa = PBXFileReference; lastKnownFileType = file.bplist; path = Config.plist; sourceTree = "<group>"; };
		6F8593512C8F41E000F790D1 /* Nugget.app */ = {isa = PBXFileReference; explicitFileType = wrapper.application; includeInIndex = 0; path = Nugget.app; sourceTree = BUILT_PRODUCTS_DIR; };
		6F8593542C8F41E000F790D1 /* NuggetApp.swift */ = {isa = PBXFileReference; lastKnownFileType = sourcecode.swift; path = NuggetApp.swift; sourceTree = "<group>"; };
		6F8593562C8F41E000F790D1 /* RootView.swift */ = {isa = PBXFileReference; lastKnownFileType = sourcecode.swift; path = RootView.swift; sourceTree = "<group>"; };
		6F8593582C8F41E100F790D1 /* Assets.xcassets */ = {isa = PBXFileReference; lastKnownFileType = folder.assetcatalog; path = Assets.xcassets; sourceTree = "<group>"; };
		6F85935B2C8F41E100F790D1 /* Preview Assets.xcassets */ = {isa = PBXFileReference; lastKnownFileType = folder.assetcatalog; path = "Preview Assets.xcassets"; sourceTree = "<group>"; };
		6F8593652C8F425E00F790D1 /* GestaltView.swift */ = {isa = PBXFileReference; lastKnownFileType = sourcecode.swift; path = GestaltView.swift; sourceTree = "<group>"; };
		6F8593682C8F42A800F790D1 /* HomeView.swift */ = {isa = PBXFileReference; lastKnownFileType = sourcecode.swift; path = HomeView.swift; sourceTree = "<group>"; };
		6F85936A2C8F42D100F790D1 /* ToolsView.swift */ = {isa = PBXFileReference; lastKnownFileType = sourcecode.swift; path = ToolsView.swift; sourceTree = "<group>"; };
		6F85936D2C8F436C00F790D1 /* Extensions.swift */ = {isa = PBXFileReference; lastKnownFileType = sourcecode.swift; path = Extensions.swift; sourceTree = "<group>"; };
		6F85936F2C8F441200F790D1 /* TintedButton.swift */ = {isa = PBXFileReference; lastKnownFileType = sourcecode.swift; path = TintedButton.swift; sourceTree = "<group>"; };
		6F8593722C8F443A00F790D1 /* MaterialView.swift */ = {isa = PBXFileReference; lastKnownFileType = sourcecode.swift; path = MaterialView.swift; sourceTree = "<group>"; };
		6F8593742C8F448100F790D1 /* Alert++.swift */ = {isa = PBXFileReference; lastKnownFileType = sourcecode.swift; path = "Alert++.swift"; sourceTree = "<group>"; };
		6F8593762C8F490400F790D1 /* Version.swift */ = {isa = PBXFileReference; lastKnownFileType = sourcecode.swift; path = Version.swift; sourceTree = "<group>"; };
		6F8593792C8F4C7000F790D1 /* MobileGestaltManager.swift */ = {isa = PBXFileReference; lastKnownFileType = sourcecode.swift; path = MobileGestaltManager.swift; sourceTree = "<group>"; };
		6F8593AB2C8F61FC00F790D1 /* LogView.swift */ = {isa = PBXFileReference; lastKnownFileType = sourcecode.swift; path = LogView.swift; sourceTree = "<group>"; };
		6F8593B02C8F7B8400F790D1 /* xcode_saver.swift */ = {isa = PBXFileReference; lastKnownFileType = sourcecode.swift; path = xcode_saver.swift; sourceTree = "<group>"; };
		6F8593B22C8F91C900F790D1 /* FeatureFlagManager.swift */ = {isa = PBXFileReference; lastKnownFileType = sourcecode.swift; path = FeatureFlagManager.swift; sourceTree = "<group>"; };
		6F8593B42C8F9A3500F790D1 /* FeatureFlagsView.swift */ = {isa = PBXFileReference; lastKnownFileType = sourcecode.swift; path = FeatureFlagsView.swift; sourceTree = "<group>"; };
		6F8593B62C8FAA8700F790D1 /* StatusBarView.swift */ = {isa = PBXFileReference; lastKnownFileType = sourcecode.swift; path = StatusBarView.swift; sourceTree = "<group>"; };
		6F85949B2C8FAC8B00F790D1 /* StatusManager.h */ = {isa = PBXFileReference; fileEncoding = 4; lastKnownFileType = sourcecode.c.h; path = StatusManager.h; sourceTree = "<group>"; };
		6F85949C2C8FAC8B00F790D1 /* StatusManager.m */ = {isa = PBXFileReference; fileEncoding = 4; lastKnownFileType = sourcecode.c.objc; path = StatusManager.m; sourceTree = "<group>"; };
		6F85949D2C8FAC8B00F790D1 /* StatusSetter.h */ = {isa = PBXFileReference; fileEncoding = 4; lastKnownFileType = sourcecode.c.h; path = StatusSetter.h; sourceTree = "<group>"; };
		6F8594A02C8FAC8B00F790D1 /* StatusSetter16_1.h */ = {isa = PBXFileReference; fileEncoding = 4; lastKnownFileType = sourcecode.c.h; path = StatusSetter16_1.h; sourceTree = "<group>"; };
		6F8594A12C8FAC8B00F790D1 /* StatusSetter16_1.m */ = {isa = PBXFileReference; fileEncoding = 4; lastKnownFileType = sourcecode.c.objc; path = StatusSetter16_1.m; sourceTree = "<group>"; };
		6F8594A22C8FAC8B00F790D1 /* StatusSetter16.h */ = {isa = PBXFileReference; fileEncoding = 4; lastKnownFileType = sourcecode.c.h; path = StatusSetter16.h; sourceTree = "<group>"; };
		6F8594A32C8FAC8B00F790D1 /* StatusSetter16.m */ = {isa = PBXFileReference; fileEncoding = 4; lastKnownFileType = sourcecode.c.objc; path = StatusSetter16.m; sourceTree = "<group>"; };
		6F8594AA2C8FACCD00F790D1 /* Nugget-Bridging-Header.h */ = {isa = PBXFileReference; lastKnownFileType = sourcecode.c.h; path = "Nugget-Bridging-Header.h"; sourceTree = "<group>"; };
		6F8594AB2C8FADF300F790D1 /* StatusManagerSwift.swift */ = {isa = PBXFileReference; lastKnownFileType = sourcecode.swift; path = StatusManagerSwift.swift; sourceTree = "<group>"; };
		6F8594B82C92056D00F790D1 /* Restore.swift */ = {isa = PBXFileReference; lastKnownFileType = sourcecode.swift; path = Restore.swift; sourceTree = "<group>"; };
		6F8594BA2C9235C600F790D1 /* ApplyHandler.swift */ = {isa = PBXFileReference; lastKnownFileType = sourcecode.swift; path = ApplyHandler.swift; sourceTree = "<group>"; };
		6F8594BC2C9490BA00F790D1 /* Info.plist */ = {isa = PBXFileReference; lastKnownFileType = text.plist; path = Info.plist; sourceTree = "<group>"; };
		6F8594BD2C94B9AA00F790D1 /* BasicPlistTweaksManager.swift */ = {isa = PBXFileReference; lastKnownFileType = sourcecode.swift; path = BasicPlistTweaksManager.swift; sourceTree = "<group>"; };
		6F8594BF2C94BBC400F790D1 /* BasicPlistTweaksFileLocations.swift */ = {isa = PBXFileReference; lastKnownFileType = sourcecode.swift; path = BasicPlistTweaksFileLocations.swift; sourceTree = "<group>"; };
		6F8594C12C94DED800F790D1 /* SpringboardTweaksView.swift */ = {isa = PBXFileReference; lastKnownFileType = sourcecode.swift; path = SpringboardTweaksView.swift; sourceTree = "<group>"; };
		6F8594C32C9507C400F790D1 /* InternalOptionsView.swift */ = {isa = PBXFileReference; lastKnownFileType = sourcecode.swift; path = InternalOptionsView.swift; sourceTree = "<group>"; };
		6F8594C82C98886000F790D1 /* FilePicker.swift */ = {isa = PBXFileReference; lastKnownFileType = sourcecode.swift; path = FilePicker.swift; sourceTree = "<group>"; };
		6F8594CA2C98887900F790D1 /* FilePickerUIRepresentable.swift */ = {isa = PBXFileReference; lastKnownFileType = sourcecode.swift; path = FilePickerUIRepresentable.swift; sourceTree = "<group>"; };
		6F8594CC2C98892900F790D1 /* FixDocumentPicker.swift */ = {isa = PBXFileReference; lastKnownFileType = sourcecode.swift; path = FixDocumentPicker.swift; sourceTree = "<group>"; };
		6F8594CE2C988C0E00F790D1 /* DeviceModel.swift */ = {isa = PBXFileReference; lastKnownFileType = sourcecode.swift; path = DeviceModel.swift; sourceTree = "<group>"; };
		6F8594D12C99D6CC00F790D1 /* RevertTweaksPopoverView.swift */ = {isa = PBXFileReference; lastKnownFileType = sourcecode.swift; path = RevertTweaksPopoverView.swift; sourceTree = "<group>"; };
		6F8594D32C9A006800F790D1 /* ModifyTweakViewModifier.swift */ = {isa = PBXFileReference; lastKnownFileType = sourcecode.swift; path = ModifyTweakViewModifier.swift; sourceTree = "<group>"; };
		6F8594D82C9C9F6E00F790D1 /* HelperFuncs.swift */ = {isa = PBXFileReference; lastKnownFileType = sourcecode.swift; path = HelperFuncs.swift; sourceTree = "<group>"; };
/* End PBXFileReference section */

/* Begin PBXFrameworksBuildPhase section */
		6F85934E2C8F41E000F790D1 /* Frameworks */ = {
			isa = PBXFrameworksBuildPhase;
			buildActionMask = 2147483647;
			files = (
			);
			runOnlyForDeploymentPostprocessing = 0;
		};
/* End PBXFrameworksBuildPhase section */

/* Begin PBXGroup section */
		6F2A99762C9E0C1000C8A862 /* Files */ = {
			isa = PBXGroup;
			children = (
				6F2A99772C9E0C1E00C8A862 /* eligibility.plist */,
				6F2A99792C9E18DE00C8A862 /* Config.plist */,
			);
			path = Files;
			sourceTree = "<group>";
		};
		6F8593482C8F41E000F790D1 = {
			isa = PBXGroup;
			children = (
				6F8593532C8F41E000F790D1 /* Nugget */,
				6F8593522C8F41E000F790D1 /* Products */,
			);
			sourceTree = "<group>";
		};
		6F8593522C8F41E000F790D1 /* Products */ = {
			isa = PBXGroup;
			children = (
				6F8593512C8F41E000F790D1 /* Nugget.app */,
			);
			name = Products;
			sourceTree = "<group>";
		};
		6F8593532C8F41E000F790D1 /* Nugget */ = {
			isa = PBXGroup;
			children = (
				6F8594BC2C9490BA00F790D1 /* Info.plist */,
				6F8593582C8F41E100F790D1 /* Assets.xcassets */,
				6F8594AA2C8FACCD00F790D1 /* Nugget-Bridging-Header.h */,
				6F8593622C8F41F900F790D1 /* Controllers */,
				6F8594B32C92055100F790D1 /* Sparserestore */,
				6F85936C2C8F433E00F790D1 /* Extensions */,
				6F8593632C8F422900F790D1 /* Views */,
				6F8593542C8F41E000F790D1 /* NuggetApp.swift */,
				6F2A99762C9E0C1000C8A862 /* Files */,
				6F85935A2C8F41E100F790D1 /* Preview Content */,
				6F8593B02C8F7B8400F790D1 /* xcode_saver.swift */,
			);
			path = Nugget;
			sourceTree = "<group>";
		};
		6F85935A2C8F41E100F790D1 /* Preview Content */ = {
			isa = PBXGroup;
			children = (
				6F85935B2C8F41E100F790D1 /* Preview Assets.xcassets */,
			);
			path = "Preview Content";
			sourceTree = "<group>";
		};
		6F8593622C8F41F900F790D1 /* Controllers */ = {
			isa = PBXGroup;
			children = (
				6F8593782C8F4C5D00F790D1 /* Tweaks */,
				6F8594BA2C9235C600F790D1 /* ApplyHandler.swift */,
			);
			path = Controllers;
			sourceTree = "<group>";
		};
		6F8593632C8F422900F790D1 /* Views */ = {
			isa = PBXGroup;
			children = (
				6F8593562C8F41E000F790D1 /* RootView.swift */,
				6F8594D02C99D68100F790D1 /* AccessoryViews */,
				6F8594C72C98885000F790D1 /* FilePicker */,
				6F8593672C8F429700F790D1 /* NavigatorViews */,
				6F8593642C8F423600F790D1 /* Tweaks */,
			);
			path = Views;
			sourceTree = "<group>";
		};
		6F8593642C8F423600F790D1 /* Tweaks */ = {
			isa = PBXGroup;
			children = (
				6F8593652C8F425E00F790D1 /* GestaltView.swift */,
				6F8593B42C8F9A3500F790D1 /* FeatureFlagsView.swift */,
				6F2A99712C9E0ABB00C8A862 /* EligibilityView.swift */,
				6F8594C12C94DED800F790D1 /* SpringboardTweaksView.swift */,
				6F8594C32C9507C400F790D1 /* InternalOptionsView.swift */,
				6F8593B62C8FAA8700F790D1 /* StatusBarView.swift */,
			);
			path = Tweaks;
			sourceTree = "<group>";
		};
		6F8593672C8F429700F790D1 /* NavigatorViews */ = {
			isa = PBXGroup;
			children = (
				6F8593682C8F42A800F790D1 /* HomeView.swift */,
				6F85936A2C8F42D100F790D1 /* ToolsView.swift */,
				6F8593AB2C8F61FC00F790D1 /* LogView.swift */,
			);
			path = NavigatorViews;
			sourceTree = "<group>";
		};
		6F85936C2C8F433E00F790D1 /* Extensions */ = {
			isa = PBXGroup;
			children = (
				6F8593712C8F442F00F790D1 /* UI */,
				6F8593742C8F448100F790D1 /* Alert++.swift */,
				6F85936D2C8F436C00F790D1 /* Extensions.swift */,
				6F8593762C8F490400F790D1 /* Version.swift */,
				6F8594D82C9C9F6E00F790D1 /* HelperFuncs.swift */,
			);
			path = Extensions;
			sourceTree = "<group>";
		};
		6F8593712C8F442F00F790D1 /* UI */ = {
			isa = PBXGroup;
			children = (
				6F8593722C8F443A00F790D1 /* MaterialView.swift */,
				6F85936F2C8F441200F790D1 /* TintedButton.swift */,
				6F8594CC2C98892900F790D1 /* FixDocumentPicker.swift */,
				6F8594CE2C988C0E00F790D1 /* DeviceModel.swift */,
			);
			path = UI;
			sourceTree = "<group>";
		};
		6F8593782C8F4C5D00F790D1 /* Tweaks */ = {
			isa = PBXGroup;
			children = (
				6F8594A42C8FAC8B00F790D1 /* StatusManager */,
				6F8594BD2C94B9AA00F790D1 /* BasicPlistTweaksManager.swift */,
				6F8594BF2C94BBC400F790D1 /* BasicPlistTweaksFileLocations.swift */,
				6F8593792C8F4C7000F790D1 /* MobileGestaltManager.swift */,
				6F8593B22C8F91C900F790D1 /* FeatureFlagManager.swift */,
				6F8594AB2C8FADF300F790D1 /* StatusManagerSwift.swift */,
				6F2A99732C9E0AEF00C8A862 /* EligibilityManager.swift */,
			);
			path = Tweaks;
			sourceTree = "<group>";
		};
		6F8594A42C8FAC8B00F790D1 /* StatusManager */ = {
			isa = PBXGroup;
			children = (
				6F85949B2C8FAC8B00F790D1 /* StatusManager.h */,
				6F85949C2C8FAC8B00F790D1 /* StatusManager.m */,
				6F85949D2C8FAC8B00F790D1 /* StatusSetter.h */,
				6F8594A22C8FAC8B00F790D1 /* StatusSetter16.h */,
				6F8594A32C8FAC8B00F790D1 /* StatusSetter16.m */,
				6F8594A02C8FAC8B00F790D1 /* StatusSetter16_1.h */,
				6F8594A12C8FAC8B00F790D1 /* StatusSetter16_1.m */,
			);
			path = StatusManager;
			sourceTree = "<group>";
		};
		6F8594B32C92055100F790D1 /* Sparserestore */ = {
			isa = PBXGroup;
			children = (
				6F8594B82C92056D00F790D1 /* Restore.swift */,
			);
			path = Sparserestore;
			sourceTree = "<group>";
		};
		6F8594C72C98885000F790D1 /* FilePicker */ = {
			isa = PBXGroup;
			children = (
				6F8594C82C98886000F790D1 /* FilePicker.swift */,
				6F8594CA2C98887900F790D1 /* FilePickerUIRepresentable.swift */,
			);
			path = FilePicker;
			sourceTree = "<group>";
		};
		6F8594D02C99D68100F790D1 /* AccessoryViews */ = {
			isa = PBXGroup;
			children = (
				6F8594D12C99D6CC00F790D1 /* RevertTweaksPopoverView.swift */,
				6F8594D32C9A006800F790D1 /* ModifyTweakViewModifier.swift */,
			);
			path = AccessoryViews;
			sourceTree = "<group>";
		};
/* End PBXGroup section */

/* Begin PBXNativeTarget section */
		6F8593502C8F41E000F790D1 /* Nugget */ = {
			isa = PBXNativeTarget;
			buildConfigurationList = 6F85935F2C8F41E100F790D1 /* Build configuration list for PBXNativeTarget "Nugget" */;
			buildPhases = (
				6F85934D2C8F41E000F790D1 /* Sources */,
				6F85934E2C8F41E000F790D1 /* Frameworks */,
				6F85934F2C8F41E000F790D1 /* Resources */,
			);
			buildRules = (
			);
			dependencies = (
			);
			name = Nugget;
			productName = Nugget;
			productReference = 6F8593512C8F41E000F790D1 /* Nugget.app */;
			productType = "com.apple.product-type.application";
		};
/* End PBXNativeTarget section */

/* Begin PBXProject section */
		6F8593492C8F41E000F790D1 /* Project object */ = {
			isa = PBXProject;
			attributes = {
				BuildIndependentTargetsInParallel = 1;
				LastSwiftUpdateCheck = 1540;
				LastUpgradeCheck = 1540;
				TargetAttributes = {
					6F8593502C8F41E000F790D1 = {
						CreatedOnToolsVersion = 15.4;
						LastSwiftMigration = 1540;
					};
				};
			};
			buildConfigurationList = 6F85934C2C8F41E000F790D1 /* Build configuration list for PBXProject "Nugget" */;
			compatibilityVersion = "Xcode 14.0";
			developmentRegion = en;
			hasScannedForEncodings = 0;
			knownRegions = (
				en,
				Base,
			);
			mainGroup = 6F8593482C8F41E000F790D1;
			productRefGroup = 6F8593522C8F41E000F790D1 /* Products */;
			projectDirPath = "";
			projectRoot = "";
			targets = (
				6F8593502C8F41E000F790D1 /* Nugget */,
			);
		};
/* End PBXProject section */

/* Begin PBXResourcesBuildPhase section */
		6F85934F2C8F41E000F790D1 /* Resources */ = {
			isa = PBXResourcesBuildPhase;
			buildActionMask = 2147483647;
			files = (
				6F2A997A2C9E18DE00C8A862 /* Config.plist in Resources */,
				6F2A99782C9E0C1E00C8A862 /* eligibility.plist in Resources */,
				6F85935C2C8F41E100F790D1 /* Preview Assets.xcassets in Resources */,
				6F8593592C8F41E100F790D1 /* Assets.xcassets in Resources */,
			);
			runOnlyForDeploymentPostprocessing = 0;
		};
/* End PBXResourcesBuildPhase section */

/* Begin PBXSourcesBuildPhase section */
		6F85934D2C8F41E000F790D1 /* Sources */ = {
			isa = PBXSourcesBuildPhase;
			buildActionMask = 2147483647;
			files = (
				6F8593702C8F441200F790D1 /* TintedButton.swift in Sources */,
				6F8593662C8F425E00F790D1 /* GestaltView.swift in Sources */,
				6F8594D22C99D6CC00F790D1 /* RevertTweaksPopoverView.swift in Sources */,
				6F8594C42C9507C400F790D1 /* InternalOptionsView.swift in Sources */,
				6F85936E2C8F436C00F790D1 /* Extensions.swift in Sources */,
				6F8593692C8F42A800F790D1 /* HomeView.swift in Sources */,
				6F8594D42C9A006800F790D1 /* ModifyTweakViewModifier.swift in Sources */,
				6F8593752C8F448100F790D1 /* Alert++.swift in Sources */,
				6F8594CB2C98887900F790D1 /* FilePickerUIRepresentable.swift in Sources */,
				6F8594AC2C8FADF300F790D1 /* StatusManagerSwift.swift in Sources */,
				6F2A99742C9E0AEF00C8A862 /* EligibilityManager.swift in Sources */,
				6F8594C22C94DED800F790D1 /* SpringboardTweaksView.swift in Sources */,
				6F8594B92C92056D00F790D1 /* Restore.swift in Sources */,
				6F8594C02C94BBC400F790D1 /* BasicPlistTweaksFileLocations.swift in Sources */,
				6F8593AC2C8F61FC00F790D1 /* LogView.swift in Sources */,
				6F8593B52C8F9A3500F790D1 /* FeatureFlagsView.swift in Sources */,
				6F8594BB2C9235C600F790D1 /* ApplyHandler.swift in Sources */,
				6F8593572C8F41E000F790D1 /* RootView.swift in Sources */,
				6F8593B72C8FAA8700F790D1 /* StatusBarView.swift in Sources */,
				6F2A99722C9E0ABB00C8A862 /* EligibilityView.swift in Sources */,
				6F8594A62C8FAC8B00F790D1 /* StatusManager.m in Sources */,
				6F8594CF2C988C0E00F790D1 /* DeviceModel.swift in Sources */,
				6F8594BE2C94B9AA00F790D1 /* BasicPlistTweaksManager.swift in Sources */,
				6F8593B12C8F7B8400F790D1 /* xcode_saver.swift in Sources */,
				6F8594CD2C98892900F790D1 /* FixDocumentPicker.swift in Sources */,
				6F8594C92C98886000F790D1 /* FilePicker.swift in Sources */,
				6F8593772C8F490400F790D1 /* Version.swift in Sources */,
				6F8594A92C8FAC8B00F790D1 /* StatusSetter16.m in Sources */,
				6F8593552C8F41E000F790D1 /* NuggetApp.swift in Sources */,
				6F8593B32C8F91C900F790D1 /* FeatureFlagManager.swift in Sources */,
				6F85936B2C8F42D100F790D1 /* ToolsView.swift in Sources */,
				6F8594A82C8FAC8B00F790D1 /* StatusSetter16_1.m in Sources */,
				6F85937A2C8F4C7000F790D1 /* MobileGestaltManager.swift in Sources */,
				6F8594D92C9C9F6E00F790D1 /* HelperFuncs.swift in Sources */,
				6F8593732C8F443A00F790D1 /* MaterialView.swift in Sources */,
			);
			runOnlyForDeploymentPostprocessing = 0;
		};
/* End PBXSourcesBuildPhase section */

/* Begin XCBuildConfiguration section */
		6F85935D2C8F41E100F790D1 /* Debug */ = {
			isa = XCBuildConfiguration;
			buildSettings = {
				ALWAYS_SEARCH_USER_PATHS = NO;
				ASSETCATALOG_COMPILER_GENERATE_SWIFT_ASSET_SYMBOL_EXTENSIONS = YES;
				CLANG_ANALYZER_NONNULL = YES;
				CLANG_ANALYZER_NUMBER_OBJECT_CONVERSION = YES_AGGRESSIVE;
				CLANG_CXX_LANGUAGE_STANDARD = "gnu++20";
				CLANG_ENABLE_MODULES = YES;
				CLANG_ENABLE_OBJC_ARC = YES;
				CLANG_ENABLE_OBJC_WEAK = YES;
				CLANG_WARN_BLOCK_CAPTURE_AUTORELEASING = YES;
				CLANG_WARN_BOOL_CONVERSION = YES;
				CLANG_WARN_COMMA = YES;
				CLANG_WARN_CONSTANT_CONVERSION = YES;
				CLANG_WARN_DEPRECATED_OBJC_IMPLEMENTATIONS = YES;
				CLANG_WARN_DIRECT_OBJC_ISA_USAGE = YES_ERROR;
				CLANG_WARN_DOCUMENTATION_COMMENTS = YES;
				CLANG_WARN_EMPTY_BODY = YES;
				CLANG_WARN_ENUM_CONVERSION = YES;
				CLANG_WARN_INFINITE_RECURSION = YES;
				CLANG_WARN_INT_CONVERSION = YES;
				CLANG_WARN_NON_LITERAL_NULL_CONVERSION = YES;
				CLANG_WARN_OBJC_IMPLICIT_RETAIN_SELF = YES;
				CLANG_WARN_OBJC_LITERAL_CONVERSION = YES;
				CLANG_WARN_OBJC_ROOT_CLASS = YES_ERROR;
				CLANG_WARN_QUOTED_INCLUDE_IN_FRAMEWORK_HEADER = YES;
				CLANG_WARN_RANGE_LOOP_ANALYSIS = YES;
				CLANG_WARN_STRICT_PROTOTYPES = YES;
				CLANG_WARN_SUSPICIOUS_MOVE = YES;
				CLANG_WARN_UNGUARDED_AVAILABILITY = YES_AGGRESSIVE;
				CLANG_WARN_UNREACHABLE_CODE = YES;
				CLANG_WARN__DUPLICATE_METHOD_MATCH = YES;
				COPY_PHASE_STRIP = NO;
				DEBUG_INFORMATION_FORMAT = dwarf;
				ENABLE_STRICT_OBJC_MSGSEND = YES;
				ENABLE_TESTABILITY = YES;
				ENABLE_USER_SCRIPT_SANDBOXING = YES;
				GCC_C_LANGUAGE_STANDARD = gnu17;
				GCC_DYNAMIC_NO_PIC = NO;
				GCC_NO_COMMON_BLOCKS = YES;
				GCC_OPTIMIZATION_LEVEL = 0;
				GCC_PREPROCESSOR_DEFINITIONS = (
					"DEBUG=1",
					"$(inherited)",
				);
				GCC_WARN_64_TO_32_BIT_CONVERSION = YES;
				GCC_WARN_ABOUT_RETURN_TYPE = YES_ERROR;
				GCC_WARN_UNDECLARED_SELECTOR = YES;
				GCC_WARN_UNINITIALIZED_AUTOS = YES_AGGRESSIVE;
				GCC_WARN_UNUSED_FUNCTION = YES;
				GCC_WARN_UNUSED_VARIABLE = YES;
				IPHONEOS_DEPLOYMENT_TARGET = 17.0;
				LOCALIZATION_PREFERS_STRING_CATALOGS = YES;
				MTL_ENABLE_DEBUG_INFO = INCLUDE_SOURCE;
				MTL_FAST_MATH = YES;
				ONLY_ACTIVE_ARCH = YES;
				SDKROOT = iphoneos;
				SWIFT_ACTIVE_COMPILATION_CONDITIONS = "DEBUG $(inherited)";
				SWIFT_OPTIMIZATION_LEVEL = "-Onone";
			};
			name = Debug;
		};
		6F85935E2C8F41E100F790D1 /* Release */ = {
			isa = XCBuildConfiguration;
			buildSettings = {
				ALWAYS_SEARCH_USER_PATHS = NO;
				ASSETCATALOG_COMPILER_GENERATE_SWIFT_ASSET_SYMBOL_EXTENSIONS = YES;
				CLANG_ANALYZER_NONNULL = YES;
				CLANG_ANALYZER_NUMBER_OBJECT_CONVERSION = YES_AGGRESSIVE;
				CLANG_CXX_LANGUAGE_STANDARD = "gnu++20";
				CLANG_ENABLE_MODULES = YES;
				CLANG_ENABLE_OBJC_ARC = YES;
				CLANG_ENABLE_OBJC_WEAK = YES;
				CLANG_WARN_BLOCK_CAPTURE_AUTORELEASING = YES;
				CLANG_WARN_BOOL_CONVERSION = YES;
				CLANG_WARN_COMMA = YES;
				CLANG_WARN_CONSTANT_CONVERSION = YES;
				CLANG_WARN_DEPRECATED_OBJC_IMPLEMENTATIONS = YES;
				CLANG_WARN_DIRECT_OBJC_ISA_USAGE = YES_ERROR;
				CLANG_WARN_DOCUMENTATION_COMMENTS = YES;
				CLANG_WARN_EMPTY_BODY = YES;
				CLANG_WARN_ENUM_CONVERSION = YES;
				CLANG_WARN_INFINITE_RECURSION = YES;
				CLANG_WARN_INT_CONVERSION = YES;
				CLANG_WARN_NON_LITERAL_NULL_CONVERSION = YES;
				CLANG_WARN_OBJC_IMPLICIT_RETAIN_SELF = YES;
				CLANG_WARN_OBJC_LITERAL_CONVERSION = YES;
				CLANG_WARN_OBJC_ROOT_CLASS = YES_ERROR;
				CLANG_WARN_QUOTED_INCLUDE_IN_FRAMEWORK_HEADER = YES;
				CLANG_WARN_RANGE_LOOP_ANALYSIS = YES;
				CLANG_WARN_STRICT_PROTOTYPES = YES;
				CLANG_WARN_SUSPICIOUS_MOVE = YES;
				CLANG_WARN_UNGUARDED_AVAILABILITY = YES_AGGRESSIVE;
				CLANG_WARN_UNREACHABLE_CODE = YES;
				CLANG_WARN__DUPLICATE_METHOD_MATCH = YES;
				COPY_PHASE_STRIP = NO;
				DEBUG_INFORMATION_FORMAT = "dwarf-with-dsym";
				ENABLE_NS_ASSERTIONS = NO;
				ENABLE_STRICT_OBJC_MSGSEND = YES;
				ENABLE_USER_SCRIPT_SANDBOXING = YES;
				GCC_C_LANGUAGE_STANDARD = gnu17;
				GCC_NO_COMMON_BLOCKS = YES;
				GCC_WARN_64_TO_32_BIT_CONVERSION = YES;
				GCC_WARN_ABOUT_RETURN_TYPE = YES_ERROR;
				GCC_WARN_UNDECLARED_SELECTOR = YES;
				GCC_WARN_UNINITIALIZED_AUTOS = YES_AGGRESSIVE;
				GCC_WARN_UNUSED_FUNCTION = YES;
				GCC_WARN_UNUSED_VARIABLE = YES;
				IPHONEOS_DEPLOYMENT_TARGET = 17.0;
				LOCALIZATION_PREFERS_STRING_CATALOGS = YES;
				MTL_ENABLE_DEBUG_INFO = NO;
				MTL_FAST_MATH = YES;
				SDKROOT = iphoneos;
				SWIFT_COMPILATION_MODE = wholemodule;
				VALIDATE_PRODUCT = YES;
			};
			name = Release;
		};
		6F8593602C8F41E100F790D1 /* Debug */ = {
			isa = XCBuildConfiguration;
			buildSettings = {
				ASSETCATALOG_COMPILER_APPICON_NAME = AppIcon;
				ASSETCATALOG_COMPILER_GLOBAL_ACCENT_COLOR_NAME = AccentColor;
				CLANG_ENABLE_MODULES = YES;
				CODE_SIGN_STYLE = Automatic;
				CURRENT_PROJECT_VERSION = 1;
				DEVELOPMENT_ASSET_PATHS = "\"Nugget/Preview Content\"";
				DEVELOPMENT_TEAM = 2P4CP47H76;
				ENABLE_PREVIEWS = YES;
				GENERATE_INFOPLIST_FILE = YES;
				INFOPLIST_FILE = Nugget/Info.plist;
				INFOPLIST_KEY_UIApplicationSceneManifest_Generation = YES;
				INFOPLIST_KEY_UIApplicationSupportsIndirectInputEvents = YES;
				INFOPLIST_KEY_UILaunchScreen_Generation = YES;
				INFOPLIST_KEY_UISupportedInterfaceOrientations_iPad = "UIInterfaceOrientationPortrait UIInterfaceOrientationPortraitUpsideDown UIInterfaceOrientationLandscapeLeft UIInterfaceOrientationLandscapeRight";
				INFOPLIST_KEY_UISupportedInterfaceOrientations_iPhone = "UIInterfaceOrientationPortrait UIInterfaceOrientationLandscapeLeft UIInterfaceOrientationLandscapeRight";
				IPHONEOS_DEPLOYMENT_TARGET = 16.0;
				LD_RUNPATH_SEARCH_PATHS = (
					"$(inherited)",
					"@executable_path/Frameworks",
				);
				MARKETING_VERSION = 1.0;
				PRODUCT_BUNDLE_IDENTIFIER = com.leemin.Nugget;
				PRODUCT_NAME = "$(TARGET_NAME)";
				SWIFT_EMIT_LOC_STRINGS = YES;
				SWIFT_OBJC_BRIDGING_HEADER = "Nugget/Nugget-Bridging-Header.h";
				SWIFT_OPTIMIZATION_LEVEL = "-Onone";
				SWIFT_VERSION = 5.0;
				TARGETED_DEVICE_FAMILY = "1,2";
			};
			name = Debug;
		};
		6F8593612C8F41E100F790D1 /* Release */ = {
			isa = XCBuildConfiguration;
			buildSettings = {
				ASSETCATALOG_COMPILER_APPICON_NAME = AppIcon;
				ASSETCATALOG_COMPILER_GLOBAL_ACCENT_COLOR_NAME = AccentColor;
				CLANG_ENABLE_MODULES = YES;
				CODE_SIGN_STYLE = Automatic;
				CURRENT_PROJECT_VERSION = 1;
				DEVELOPMENT_ASSET_PATHS = "\"Nugget/Preview Content\"";
				DEVELOPMENT_TEAM = 2P4CP47H76;
				ENABLE_PREVIEWS = YES;
				GENERATE_INFOPLIST_FILE = YES;
				INFOPLIST_FILE = Nugget/Info.plist;
				INFOPLIST_KEY_UIApplicationSceneManifest_Generation = YES;
				INFOPLIST_KEY_UIApplicationSupportsIndirectInputEvents = YES;
				INFOPLIST_KEY_UILaunchScreen_Generation = YES;
				INFOPLIST_KEY_UISupportedInterfaceOrientations_iPad = "UIInterfaceOrientationPortrait UIInterfaceOrientationPortraitUpsideDown UIInterfaceOrientationLandscapeLeft UIInterfaceOrientationLandscapeRight";
				INFOPLIST_KEY_UISupportedInterfaceOrientations_iPhone = "UIInterfaceOrientationPortrait UIInterfaceOrientationLandscapeLeft UIInterfaceOrientationLandscapeRight";
				IPHONEOS_DEPLOYMENT_TARGET = 16.0;
				LD_RUNPATH_SEARCH_PATHS = (
					"$(inherited)",
					"@executable_path/Frameworks",
				);
				MARKETING_VERSION = 1.0;
				PRODUCT_BUNDLE_IDENTIFIER = com.leemin.Nugget;
				PRODUCT_NAME = "$(TARGET_NAME)";
				SWIFT_EMIT_LOC_STRINGS = YES;
				SWIFT_OBJC_BRIDGING_HEADER = "Nugget/Nugget-Bridging-Header.h";
				SWIFT_VERSION = 5.0;
				TARGETED_DEVICE_FAMILY = "1,2";
			};
			name = Release;
		};
/* End XCBuildConfiguration section */

/* Begin XCConfigurationList section */
		6F85934C2C8F41E000F790D1 /* Build configuration list for PBXProject "Nugget" */ = {
			isa = XCConfigurationList;
			buildConfigurations = (
				6F85935D2C8F41E100F790D1 /* Debug */,
				6F85935E2C8F41E100F790D1 /* Release */,
			);
			defaultConfigurationIsVisible = 0;
			defaultConfigurationName = Release;
		};
		6F85935F2C8F41E100F790D1 /* Build configuration list for PBXNativeTarget "Nugget" */ = {
			isa = XCConfigurationList;
			buildConfigurations = (
				6F8593602C8F41E100F790D1 /* Debug */,
				6F8593612C8F41E100F790D1 /* Release */,
			);
			defaultConfigurationIsVisible = 0;
			defaultConfigurationName = Release;
		};
/* End XCConfigurationList section */
	};
	rootObject = 6F8593492C8F41E000F790D1 /* Project object */;
}
